lockfileVersion: '9.0'

settings:
  autoInstallPeers: true
  excludeLinksFromLockfile: false

importers:

  .:
    dependencies:
      '@urql/core':
        specifier: ^5.0.6
        version: 5.0.6(graphql@16.9.0)
      graphql-ws:
        specifier: ^5.16.0
        version: 5.16.0(graphql@16.9.0)
      isomorphic-unfetch:
        specifier: ^4.0.2
        version: 4.0.2

packages:

  '@0no-co/graphql.web@1.0.8':
    resolution: {integrity: sha512-8BG6woLtDMvXB9Ajb/uE+Zr/U7y4qJ3upXi0JQHZmsKUJa7HjF/gFvmL2f3/mSmfZoQGRr9VoY97LCX2uaFMzA==}
    peerDependencies:
      graphql: ^14.0.0 || ^15.0.0 || ^16.0.0
    peerDependenciesMeta:
      graphql:
        optional: true

  '@urql/core@5.0.6':
    resolution: {integrity: sha512-38rgSDqVNihFDauw1Pm9V7XLWIKuK8V9CKgrUF7/xEKinze8ENKP1ZeBhkG+dxWzJan7CHK+SLl46kAdvZwIlA==}

  data-uri-to-buffer@4.0.1:
    resolution: {integrity: sha512-0R9ikRb668HB7QDxT1vkpuUBtqc53YyAwMwGeUFKRojY/NWKvdZ+9UYtRfGmhqNbRkTSVpMbmyhXipFFv2cb/A==}
    engines: {node: '>= 12'}

  fetch-blob@3.2.0:
    resolution: {integrity: sha512-7yAQpD2UMJzLi1Dqv7qFYnPbaPx7ZfFK6PiIxQ4PfkGPyNyl2Ugx+a/umUonmKqjhM4DnfbMvdX6otXq83soQQ==}
    engines: {node: ^12.20 || >= 14.13}

  formdata-polyfill@4.0.10:
    resolution: {integrity: sha512-buewHzMvYL29jdeQTVILecSaZKnt/RJWjoZCF5OW60Z67/GmSLBkOFM7qh1PI3zFNtJbaZL5eQu1vLfazOwj4g==}
    engines: {node: '>=12.20.0'}

  graphql-ws@5.16.0:
    resolution: {integrity: sha512-Ju2RCU2dQMgSKtArPbEtsK5gNLnsQyTNIo/T7cZNp96niC1x0KdJNZV0TIoilceBPQwfb5itrGl8pkFeOUMl4A==}
    engines: {node: '>=10'}
    peerDependencies:
      graphql: '>=0.11 <=16'

  graphql@16.9.0:
    resolution: {integrity: sha512-GGTKBX4SD7Wdb8mqeDLni2oaRGYQWjWHGKPQ24ZMnUtKfcsVoiv4uX8+LJr1K6U5VW2Lu1BwJnj7uiori0YtRw==}
    engines: {node: ^12.22.0 || ^14.16.0 || ^16.0.0 || >=17.0.0}

  isomorphic-unfetch@4.0.2:
    resolution: {integrity: sha512-1Yd+CF/7al18/N2BDbsLBcp6RO3tucSW+jcLq24dqdX5MNbCNTw1z4BsGsp4zNmjr/Izm2cs/cEqZPp4kvWSCA==}

  node-domexception@1.0.0:
    resolution: {integrity: sha512-/jKZoMpw0F8GRwl4/eLROPA3cfcXtLApP0QzLmUT/HuPCZWyB7IY9ZrMeKw2O/nFIqPQB3PVM9aYm0F312AXDQ==}
    engines: {node: '>=10.5.0'}

  node-fetch@3.3.2:
    resolution: {integrity: sha512-dRB78srN/l6gqWulah9SrxeYnxeddIG30+GOqK/9OlLVyLg3HPnr6SqOWTWOXKRwC2eGYCkZ59NNuSgvSrpgOA==}
    engines: {node: ^12.20.0 || ^14.13.1 || >=16.0.0}

  unfetch@5.0.0:
    resolution: {integrity: sha512-3xM2c89siXg0nHvlmYsQ2zkLASvVMBisZm5lF3gFDqfF2xonNStDJyMpvaOBe0a1Edxmqrf2E0HBdmy9QyZaeg==}

  web-streams-polyfill@3.3.3:
    resolution: {integrity: sha512-d2JWLCivmZYTSIoge9MsgFCZrt571BikcWGYkjC1khllbTeDlGqZ2D8vD8E/lJa8WGWbb7Plm8/XJYV7IJHZZw==}
    engines: {node: '>= 8'}

  wonka@6.3.4:
    resolution: {integrity: sha512-CjpbqNtBGNAeyNS/9W6q3kSkKE52+FjIj7AkFlLr11s/VWGUu6a2CdYSdGxocIhIVjaW/zchesBQUKPVU69Cqg==}

snapshots:

  '@0no-co/graphql.web@1.0.8(graphql@16.9.0)':
    optionalDependencies:
      graphql: 16.9.0

  '@urql/core@5.0.6(graphql@16.9.0)':
    dependencies:
      '@0no-co/graphql.web': 1.0.8(graphql@16.9.0)
      wonka: 6.3.4
    transitivePeerDependencies:
      - graphql

  data-uri-to-buffer@4.0.1: {}

  fetch-blob@3.2.0:
    dependencies:
      node-domexception: 1.0.0
      web-streams-polyfill: 3.3.3

  formdata-polyfill@4.0.10:
    dependencies:
      fetch-blob: 3.2.0

  graphql-ws@5.16.0(graphql@16.9.0):
    dependencies:
      graphql: 16.9.0

  graphql@16.9.0: {}

  isomorphic-unfetch@4.0.2:
    dependencies:
      node-fetch: 3.3.2
      unfetch: 5.0.0

  node-domexception@1.0.0: {}

  node-fetch@3.3.2:
    dependencies:
      data-uri-to-buffer: 4.0.1
      fetch-blob: 3.2.0
      formdata-polyfill: 4.0.10

  unfetch@5.0.0: {}

  web-streams-polyfill@3.3.3: {}

  wonka@6.3.4: {}
